// !$*UTF8*$!
{
	archiveVersion = 1;
	classes = {
	};
	objectVersion = 50;
	objects = {

/* Begin PBXBuildFile section */
		8001BC8220B6CF8500B55D00 /* main.swift in Sources */ = {isa = PBXBuildFile; fileRef = 8001BC8120B6CF8500B55D00 /* main.swift */; };
		804834DC20B6D699009E59FC /* extensions.swift in Sources */ = {isa = PBXBuildFile; fileRef = 804834DB20B6D699009E59FC /* extensions.swift */; };
		804834DE20B6D962009E59FC /* Log.swift in Sources */ = {isa = PBXBuildFile; fileRef = 804834DD20B6D962009E59FC /* Log.swift */; };
		804834E320B6EABD009E59FC /* Parser.swift in Sources */ = {isa = PBXBuildFile; fileRef = 804834E220B6EABD009E59FC /* Parser.swift */; };
		804834E520B6EAF1009E59FC /* ASTNode.swift in Sources */ = {isa = PBXBuildFile; fileRef = 804834E420B6EAF1009E59FC /* ASTNode.swift */; };
		804834ED20B6F311009E59FC /* Lexer.swift in Sources */ = {isa = PBXBuildFile; fileRef = 804834EC20B6F311009E59FC /* Lexer.swift */; };
		804834F020B6F36B009E59FC /* Token.swift in Sources */ = {isa = PBXBuildFile; fileRef = 804834EF20B6F36B009E59FC /* Token.swift */; };
		80EAA46820B742720043A6F6 /* ASTImportStatement.swift in Sources */ = {isa = PBXBuildFile; fileRef = 80EAA46720B742720043A6F6 /* ASTImportStatement.swift */; };
		80EAA46A20B7468B0043A6F6 /* ASTFunctionDeclaration.swift in Sources */ = {isa = PBXBuildFile; fileRef = 80EAA46920B7468B0043A6F6 /* ASTFunctionDeclaration.swift */; };
		80EAA46C20B74B920043A6F6 /* ASTReturnStatement.swift in Sources */ = {isa = PBXBuildFile; fileRef = 80EAA46B20B74B920043A6F6 /* ASTReturnStatement.swift */; };
		80EAA47020B758BE0043A6F6 /* ASTNumberLiteral.swift in Sources */ = {isa = PBXBuildFile; fileRef = 80EAA46F20B758BE0043A6F6 /* ASTNumberLiteral.swift */; };
		80EAA47220B75BE20043A6F6 /* ASTNoop.swift in Sources */ = {isa = PBXBuildFile; fileRef = 80EAA47120B75BE20043A6F6 /* ASTNoop.swift */; };
		80EAA47520B75EE40043A6F6 /* BytecodeCompiler.swift in Sources */ = {isa = PBXBuildFile; fileRef = 80EAA47420B75EE40043A6F6 /* BytecodeCompiler.swift */; };
		80EAA47820B75F370043A6F6 /* BytecodeInterpreter.swift in Sources */ = {isa = PBXBuildFile; fileRef = 80EAA47720B75F370043A6F6 /* BytecodeInterpreter.swift */; };
		80EAA47C20B7629C0043A6F6 /* Instruction.swift in Sources */ = {isa = PBXBuildFile; fileRef = 80EAA47B20B7629C0043A6F6 /* Instruction.swift */; };
		80EAA47E20B8060B0043A6F6 /* ASTFunctionCall.swift in Sources */ = {isa = PBXBuildFile; fileRef = 80EAA47D20B8060B0043A6F6 /* ASTFunctionCall.swift */; };
		80EAA48020B826730043A6F6 /* ASTBinop.swift in Sources */ = {isa = PBXBuildFile; fileRef = 80EAA47F20B826730043A6F6 /* ASTBinop.swift */; };
		80EAA48220B82D990043A6F6 /* ASTIdentifier.swift in Sources */ = {isa = PBXBuildFile; fileRef = 80EAA48120B82D990043A6F6 /* ASTIdentifier.swift */; };
		80EAA48420B83C670043A6F6 /* Scope.swift in Sources */ = {isa = PBXBuildFile; fileRef = 80EAA48320B83C670043A6F6 /* Scope.swift */; };
		80EAA48620B855650043A6F6 /* ASTCondition.swift in Sources */ = {isa = PBXBuildFile; fileRef = 80EAA48520B855650043A6F6 /* ASTCondition.swift */; };
		80EAA48820B857860043A6F6 /* ASTComposite.swift in Sources */ = {isa = PBXBuildFile; fileRef = 80EAA48720B857860043A6F6 /* ASTComposite.swift */; };
		80EAA48A20B85BA00043A6F6 /* ASTUnary.swift in Sources */ = {isa = PBXBuildFile; fileRef = 80EAA48920B85BA00043A6F6 /* ASTUnary.swift */; };
		80EAA49020B899980043A6F6 /* ASTAssignment.swift in Sources */ = {isa = PBXBuildFile; fileRef = 80EAA48F20B899980043A6F6 /* ASTAssignment.swift */; };
		80EAA49220B89C580043A6F6 /* NativeFunction.swift in Sources */ = {isa = PBXBuildFile; fileRef = 80EAA49120B89C580043A6F6 /* NativeFunction.swift */; };
		80EAA49420B95A9A0043A6F6 /* Runtime.swift in Sources */ = {isa = PBXBuildFile; fileRef = 80EAA49320B95A9A0043A6F6 /* Runtime.swift */; };
		80EAA49620B95BB60043A6F6 /* ASTVariableDeclaration.swift in Sources */ = {isa = PBXBuildFile; fileRef = 80EAA49520B95BB60043A6F6 /* ASTVariableDeclaration.swift */; };
		80EAA49A20B965CE0043A6F6 /* ASTConditionalStatement.swift in Sources */ = {isa = PBXBuildFile; fileRef = 80EAA49920B965CE0043A6F6 /* ASTConditionalStatement.swift */; };
		80EAA49C20B97DE60043A6F6 /* Heap.swift in Sources */ = {isa = PBXBuildFile; fileRef = 80EAA49B20B97DE60043A6F6 /* Heap.swift */; };
		80EAA49E20B9C0470043A6F6 /* StackView.swift in Sources */ = {isa = PBXBuildFile; fileRef = 80EAA49D20B9C0470043A6F6 /* StackView.swift */; };
/* End PBXBuildFile section */

/* Begin PBXCopyFilesBuildPhase section */
		8001BC7C20B6CF8500B55D00 /* CopyFiles */ = {
			isa = PBXCopyFilesBuildPhase;
			buildActionMask = 2147483647;
			dstPath = /usr/share/man/man1/;
			dstSubfolderSpec = 0;
			files = (
			);
			runOnlyForDeploymentPostprocessing = 1;
		};
/* End PBXCopyFilesBuildPhase section */

/* Begin PBXFileReference section */
		8001BC7E20B6CF8500B55D00 /* yo */ = {isa = PBXFileReference; explicitFileType = "compiled.mach-o.executable"; includeInIndex = 0; path = yo; sourceTree = BUILT_PRODUCTS_DIR; };
		8001BC8120B6CF8500B55D00 /* main.swift */ = {isa = PBXFileReference; lastKnownFileType = sourcecode.swift; path = main.swift; sourceTree = "<group>"; };
		804834DB20B6D699009E59FC /* extensions.swift */ = {isa = PBXFileReference; lastKnownFileType = sourcecode.swift; path = extensions.swift; sourceTree = "<group>"; };
		804834DD20B6D962009E59FC /* Log.swift */ = {isa = PBXFileReference; lastKnownFileType = sourcecode.swift; path = Log.swift; sourceTree = "<group>"; };
		804834E220B6EABD009E59FC /* Parser.swift */ = {isa = PBXFileReference; lastKnownFileType = sourcecode.swift; path = Parser.swift; sourceTree = "<group>"; };
		804834E420B6EAF1009E59FC /* ASTNode.swift */ = {isa = PBXFileReference; lastKnownFileType = sourcecode.swift; path = ASTNode.swift; sourceTree = "<group>"; };
		804834EC20B6F311009E59FC /* Lexer.swift */ = {isa = PBXFileReference; lastKnownFileType = sourcecode.swift; path = Lexer.swift; sourceTree = "<group>"; };
		804834EF20B6F36B009E59FC /* Token.swift */ = {isa = PBXFileReference; lastKnownFileType = sourcecode.swift; path = Token.swift; sourceTree = "<group>"; };
		80EAA46720B742720043A6F6 /* ASTImportStatement.swift */ = {isa = PBXFileReference; lastKnownFileType = sourcecode.swift; path = ASTImportStatement.swift; sourceTree = "<group>"; };
		80EAA46920B7468B0043A6F6 /* ASTFunctionDeclaration.swift */ = {isa = PBXFileReference; lastKnownFileType = sourcecode.swift; path = ASTFunctionDeclaration.swift; sourceTree = "<group>"; };
		80EAA46B20B74B920043A6F6 /* ASTReturnStatement.swift */ = {isa = PBXFileReference; lastKnownFileType = sourcecode.swift; path = ASTReturnStatement.swift; sourceTree = "<group>"; };
		80EAA46F20B758BE0043A6F6 /* ASTNumberLiteral.swift */ = {isa = PBXFileReference; lastKnownFileType = sourcecode.swift; path = ASTNumberLiteral.swift; sourceTree = "<group>"; };
		80EAA47120B75BE20043A6F6 /* ASTNoop.swift */ = {isa = PBXFileReference; lastKnownFileType = sourcecode.swift; path = ASTNoop.swift; sourceTree = "<group>"; };
		80EAA47420B75EE40043A6F6 /* BytecodeCompiler.swift */ = {isa = PBXFileReference; lastKnownFileType = sourcecode.swift; path = BytecodeCompiler.swift; sourceTree = "<group>"; };
		80EAA47720B75F370043A6F6 /* BytecodeInterpreter.swift */ = {isa = PBXFileReference; lastKnownFileType = sourcecode.swift; path = BytecodeInterpreter.swift; sourceTree = "<group>"; };
		80EAA47B20B7629C0043A6F6 /* Instruction.swift */ = {isa = PBXFileReference; lastKnownFileType = sourcecode.swift; path = Instruction.swift; sourceTree = "<group>"; };
		80EAA47D20B8060B0043A6F6 /* ASTFunctionCall.swift */ = {isa = PBXFileReference; lastKnownFileType = sourcecode.swift; path = ASTFunctionCall.swift; sourceTree = "<group>"; };
		80EAA47F20B826730043A6F6 /* ASTBinop.swift */ = {isa = PBXFileReference; lastKnownFileType = sourcecode.swift; path = ASTBinop.swift; sourceTree = "<group>"; };
		80EAA48120B82D990043A6F6 /* ASTIdentifier.swift */ = {isa = PBXFileReference; lastKnownFileType = sourcecode.swift; path = ASTIdentifier.swift; sourceTree = "<group>"; };
		80EAA48320B83C670043A6F6 /* Scope.swift */ = {isa = PBXFileReference; lastKnownFileType = sourcecode.swift; path = Scope.swift; sourceTree = "<group>"; };
		80EAA48520B855650043A6F6 /* ASTCondition.swift */ = {isa = PBXFileReference; lastKnownFileType = sourcecode.swift; path = ASTCondition.swift; sourceTree = "<group>"; };
		80EAA48720B857860043A6F6 /* ASTComposite.swift */ = {isa = PBXFileReference; lastKnownFileType = sourcecode.swift; path = ASTComposite.swift; sourceTree = "<group>"; };
		80EAA48920B85BA00043A6F6 /* ASTUnary.swift */ = {isa = PBXFileReference; lastKnownFileType = sourcecode.swift; path = ASTUnary.swift; sourceTree = "<group>"; };
		80EAA48F20B899980043A6F6 /* ASTAssignment.swift */ = {isa = PBXFileReference; lastKnownFileType = sourcecode.swift; path = ASTAssignment.swift; sourceTree = "<group>"; };
		80EAA49120B89C580043A6F6 /* NativeFunction.swift */ = {isa = PBXFileReference; lastKnownFileType = sourcecode.swift; path = NativeFunction.swift; sourceTree = "<group>"; };
		80EAA49320B95A9A0043A6F6 /* Runtime.swift */ = {isa = PBXFileReference; lastKnownFileType = sourcecode.swift; path = Runtime.swift; sourceTree = "<group>"; };
		80EAA49520B95BB60043A6F6 /* ASTVariableDeclaration.swift */ = {isa = PBXFileReference; lastKnownFileType = sourcecode.swift; path = ASTVariableDeclaration.swift; sourceTree = "<group>"; };
		80EAA49920B965CE0043A6F6 /* ASTConditionalStatement.swift */ = {isa = PBXFileReference; lastKnownFileType = sourcecode.swift; path = ASTConditionalStatement.swift; sourceTree = "<group>"; };
		80EAA49B20B97DE60043A6F6 /* Heap.swift */ = {isa = PBXFileReference; lastKnownFileType = sourcecode.swift; path = Heap.swift; sourceTree = "<group>"; };
		80EAA49D20B9C0470043A6F6 /* StackView.swift */ = {isa = PBXFileReference; lastKnownFileType = sourcecode.swift; path = StackView.swift; sourceTree = "<group>"; };
/* End PBXFileReference section */

/* Begin PBXFrameworksBuildPhase section */
		8001BC7B20B6CF8500B55D00 /* Frameworks */ = {
			isa = PBXFrameworksBuildPhase;
			buildActionMask = 2147483647;
			files = (
			);
			runOnlyForDeploymentPostprocessing = 0;
		};
/* End PBXFrameworksBuildPhase section */

/* Begin PBXGroup section */
		8001BC7520B6CF8500B55D00 = {
			isa = PBXGroup;
			children = (
				8001BC8020B6CF8500B55D00 /* yo */,
				8001BC7F20B6CF8500B55D00 /* Products */,
			);
			sourceTree = "<group>";
		};
		8001BC7F20B6CF8500B55D00 /* Products */ = {
			isa = PBXGroup;
			children = (
				8001BC7E20B6CF8500B55D00 /* yo */,
			);
			name = Products;
			sourceTree = "<group>";
		};
		8001BC8020B6CF8500B55D00 /* yo */ = {
			isa = PBXGroup;
			children = (
				8001BC8120B6CF8500B55D00 /* main.swift */,
				804834DB20B6D699009E59FC /* extensions.swift */,
				804834DD20B6D962009E59FC /* Log.swift */,
				80EAA47620B75F240043A6F6 /* Interpreter */,
				80EAA47320B75EDA0043A6F6 /* Bytecode Compiler */,
				804834EE20B6F34C009E59FC /* Lexer */,
				804834E120B6EAB2009E59FC /* Parser */,
			);
			path = yo;
			sourceTree = "<group>";
		};
		804834E120B6EAB2009E59FC /* Parser */ = {
			isa = PBXGroup;
			children = (
				804834E220B6EABD009E59FC /* Parser.swift */,
				804834E420B6EAF1009E59FC /* ASTNode.swift */,
				80EAA46720B742720043A6F6 /* ASTImportStatement.swift */,
				80EAA46920B7468B0043A6F6 /* ASTFunctionDeclaration.swift */,
				80EAA46B20B74B920043A6F6 /* ASTReturnStatement.swift */,
				80EAA46F20B758BE0043A6F6 /* ASTNumberLiteral.swift */,
				80EAA47120B75BE20043A6F6 /* ASTNoop.swift */,
				80EAA47D20B8060B0043A6F6 /* ASTFunctionCall.swift */,
				80EAA47F20B826730043A6F6 /* ASTBinop.swift */,
				80EAA48120B82D990043A6F6 /* ASTIdentifier.swift */,
				80EAA48520B855650043A6F6 /* ASTCondition.swift */,
				80EAA48720B857860043A6F6 /* ASTComposite.swift */,
				80EAA48920B85BA00043A6F6 /* ASTUnary.swift */,
				80EAA48F20B899980043A6F6 /* ASTAssignment.swift */,
				80EAA49520B95BB60043A6F6 /* ASTVariableDeclaration.swift */,
				80EAA49920B965CE0043A6F6 /* ASTConditionalStatement.swift */,
			);
			path = Parser;
			sourceTree = "<group>";
		};
		804834EE20B6F34C009E59FC /* Lexer */ = {
			isa = PBXGroup;
			children = (
				804834EC20B6F311009E59FC /* Lexer.swift */,
				804834EF20B6F36B009E59FC /* Token.swift */,
			);
			path = Lexer;
			sourceTree = "<group>";
		};
		80EAA47320B75EDA0043A6F6 /* Bytecode Compiler */ = {
			isa = PBXGroup;
			children = (
				80EAA47420B75EE40043A6F6 /* BytecodeCompiler.swift */,
				80EAA48320B83C670043A6F6 /* Scope.swift */,
				80EAA47B20B7629C0043A6F6 /* Instruction.swift */,
			);
			path = "Bytecode Compiler";
			sourceTree = "<group>";
		};
		80EAA47620B75F240043A6F6 /* Interpreter */ = {
			isa = PBXGroup;
			children = (
				80EAA47720B75F370043A6F6 /* BytecodeInterpreter.swift */,
				80EAA49120B89C580043A6F6 /* NativeFunction.swift */,
				80EAA49320B95A9A0043A6F6 /* Runtime.swift */,
				80EAA49B20B97DE60043A6F6 /* Heap.swift */,
				80EAA49D20B9C0470043A6F6 /* StackView.swift */,
			);
			path = Interpreter;
			sourceTree = "<group>";
		};
/* End PBXGroup section */

/* Begin PBXNativeTarget section */
		8001BC7D20B6CF8500B55D00 /* yo */ = {
			isa = PBXNativeTarget;
			buildConfigurationList = 8001BC8520B6CF8500B55D00 /* Build configuration list for PBXNativeTarget "yo" */;
			buildPhases = (
				8001BC7A20B6CF8500B55D00 /* Sources */,
				8001BC7B20B6CF8500B55D00 /* Frameworks */,
				8001BC7C20B6CF8500B55D00 /* CopyFiles */,
			);
			buildRules = (
			);
			dependencies = (
			);
			name = yo;
			productName = yo;
			productReference = 8001BC7E20B6CF8500B55D00 /* yo */;
			productType = "com.apple.product-type.tool";
		};
/* End PBXNativeTarget section */

/* Begin PBXProject section */
		8001BC7620B6CF8500B55D00 /* Project object */ = {
			isa = PBXProject;
			attributes = {
				LastSwiftUpdateCheck = 0930;
				LastUpgradeCheck = 0930;
				ORGANIZATIONNAME = "Lukas Kollmer";
				TargetAttributes = {
					8001BC7D20B6CF8500B55D00 = {
						CreatedOnToolsVersion = 9.3;
					};
				};
			};
			buildConfigurationList = 8001BC7920B6CF8500B55D00 /* Build configuration list for PBXProject "yo" */;
			compatibilityVersion = "Xcode 9.3";
			developmentRegion = en;
			hasScannedForEncodings = 0;
			knownRegions = (
				en,
			);
			mainGroup = 8001BC7520B6CF8500B55D00;
			productRefGroup = 8001BC7F20B6CF8500B55D00 /* Products */;
			projectDirPath = "";
			projectRoot = "";
			targets = (
				8001BC7D20B6CF8500B55D00 /* yo */,
			);
		};
/* End PBXProject section */

/* Begin PBXSourcesBuildPhase section */
		8001BC7A20B6CF8500B55D00 /* Sources */ = {
			isa = PBXSourcesBuildPhase;
			buildActionMask = 2147483647;
			files = (
				80EAA48620B855650043A6F6 /* ASTCondition.swift in Sources */,
				80EAA48820B857860043A6F6 /* ASTComposite.swift in Sources */,
				804834E520B6EAF1009E59FC /* ASTNode.swift in Sources */,
				80EAA49220B89C580043A6F6 /* NativeFunction.swift in Sources */,
				80EAA48420B83C670043A6F6 /* Scope.swift in Sources */,
				80EAA48220B82D990043A6F6 /* ASTIdentifier.swift in Sources */,
				804834ED20B6F311009E59FC /* Lexer.swift in Sources */,
				80EAA47520B75EE40043A6F6 /* BytecodeCompiler.swift in Sources */,
				80EAA46820B742720043A6F6 /* ASTImportStatement.swift in Sources */,
				80EAA47E20B8060B0043A6F6 /* ASTFunctionCall.swift in Sources */,
				804834DE20B6D962009E59FC /* Log.swift in Sources */,
				80EAA49A20B965CE0043A6F6 /* ASTConditionalStatement.swift in Sources */,
				80EAA49E20B9C0470043A6F6 /* StackView.swift in Sources */,
				80EAA46A20B7468B0043A6F6 /* ASTFunctionDeclaration.swift in Sources */,
				804834E320B6EABD009E59FC /* Parser.swift in Sources */,
				8001BC8220B6CF8500B55D00 /* main.swift in Sources */,
				80EAA49620B95BB60043A6F6 /* ASTVariableDeclaration.swift in Sources */,
				80EAA46C20B74B920043A6F6 /* ASTReturnStatement.swift in Sources */,
				80EAA49420B95A9A0043A6F6 /* Runtime.swift in Sources */,
				804834DC20B6D699009E59FC /* extensions.swift in Sources */,
				80EAA48A20B85BA00043A6F6 /* ASTUnary.swift in Sources */,
				80EAA47820B75F370043A6F6 /* BytecodeInterpreter.swift in Sources */,
				80EAA48020B826730043A6F6 /* ASTBinop.swift in Sources */,
				804834F020B6F36B009E59FC /* Token.swift in Sources */,
				80EAA47020B758BE0043A6F6 /* ASTNumberLiteral.swift in Sources */,
				80EAA49020B899980043A6F6 /* ASTAssignment.swift in Sources */,
				80EAA49C20B97DE60043A6F6 /* Heap.swift in Sources */,
				80EAA47C20B7629C0043A6F6 /* Instruction.swift in Sources */,
				80EAA47220B75BE20043A6F6 /* ASTNoop.swift in Sources */,
			);
			runOnlyForDeploymentPostprocessing = 0;
		};
/* End PBXSourcesBuildPhase section */

/* Begin XCBuildConfiguration section */
		8001BC8320B6CF8500B55D00 /* Debug */ = {
			isa = XCBuildConfiguration;
			buildSettings = {
				ALWAYS_SEARCH_USER_PATHS = NO;
				CLANG_ANALYZER_NONNULL = YES;
				CLANG_ANALYZER_NUMBER_OBJECT_CONVERSION = YES_AGGRESSIVE;
				CLANG_CXX_LANGUAGE_STANDARD = "gnu++14";
				CLANG_CXX_LIBRARY = "libc++";
				CLANG_ENABLE_MODULES = YES;
				CLANG_ENABLE_OBJC_ARC = YES;
				CLANG_ENABLE_OBJC_WEAK = YES;
				CLANG_WARN_BLOCK_CAPTURE_AUTORELEASING = YES;
				CLANG_WARN_BOOL_CONVERSION = YES;
				CLANG_WARN_COMMA = YES;
				CLANG_WARN_CONSTANT_CONVERSION = YES;
				CLANG_WARN_DEPRECATED_OBJC_IMPLEMENTATIONS = YES;
				CLANG_WARN_DIRECT_OBJC_ISA_USAGE = YES_ERROR;
				CLANG_WARN_DOCUMENTATION_COMMENTS = YES;
				CLANG_WARN_EMPTY_BODY = YES;
				CLANG_WARN_ENUM_CONVERSION = YES;
				CLANG_WARN_INFINITE_RECURSION = YES;
				CLANG_WARN_INT_CONVERSION = YES;
				CLANG_WARN_NON_LITERAL_NULL_CONVERSION = YES;
				CLANG_WARN_OBJC_IMPLICIT_RETAIN_SELF = YES;
				CLANG_WARN_OBJC_LITERAL_CONVERSION = YES;
				CLANG_WARN_OBJC_ROOT_CLASS = YES_ERROR;
				CLANG_WARN_RANGE_LOOP_ANALYSIS = YES;
				CLANG_WARN_STRICT_PROTOTYPES = YES;
				CLANG_WARN_SUSPICIOUS_MOVE = YES;
				CLANG_WARN_UNGUARDED_AVAILABILITY = YES_AGGRESSIVE;
				CLANG_WARN_UNREACHABLE_CODE = YES;
				CLANG_WARN__DUPLICATE_METHOD_MATCH = YES;
				CODE_SIGN_IDENTITY = "Mac Developer";
				COPY_PHASE_STRIP = NO;
				DEBUG_INFORMATION_FORMAT = dwarf;
				ENABLE_STRICT_OBJC_MSGSEND = YES;
				ENABLE_TESTABILITY = YES;
				GCC_C_LANGUAGE_STANDARD = gnu11;
				GCC_DYNAMIC_NO_PIC = NO;
				GCC_NO_COMMON_BLOCKS = YES;
				GCC_OPTIMIZATION_LEVEL = 0;
				GCC_PREPROCESSOR_DEFINITIONS = (
					"DEBUG=1",
					"$(inherited)",
				);
				GCC_WARN_64_TO_32_BIT_CONVERSION = YES;
				GCC_WARN_ABOUT_RETURN_TYPE = YES_ERROR;
				GCC_WARN_UNDECLARED_SELECTOR = YES;
				GCC_WARN_UNINITIALIZED_AUTOS = YES_AGGRESSIVE;
				GCC_WARN_UNUSED_FUNCTION = YES;
				GCC_WARN_UNUSED_VARIABLE = YES;
				MACOSX_DEPLOYMENT_TARGET = 10.13;
				MTL_ENABLE_DEBUG_INFO = YES;
				ONLY_ACTIVE_ARCH = YES;
				SDKROOT = macosx;
				SWIFT_ACTIVE_COMPILATION_CONDITIONS = DEBUG;
				SWIFT_OPTIMIZATION_LEVEL = "-Onone";
			};
			name = Debug;
		};
		8001BC8420B6CF8500B55D00 /* Release */ = {
			isa = XCBuildConfiguration;
			buildSettings = {
				ALWAYS_SEARCH_USER_PATHS = NO;
				CLANG_ANALYZER_NONNULL = YES;
				CLANG_ANALYZER_NUMBER_OBJECT_CONVERSION = YES_AGGRESSIVE;
				CLANG_CXX_LANGUAGE_STANDARD = "gnu++14";
				CLANG_CXX_LIBRARY = "libc++";
				CLANG_ENABLE_MODULES = YES;
				CLANG_ENABLE_OBJC_ARC = YES;
				CLANG_ENABLE_OBJC_WEAK = YES;
				CLANG_WARN_BLOCK_CAPTURE_AUTORELEASING = YES;
				CLANG_WARN_BOOL_CONVERSION = YES;
				CLANG_WARN_COMMA = YES;
				CLANG_WARN_CONSTANT_CONVERSION = YES;
				CLANG_WARN_DEPRECATED_OBJC_IMPLEMENTATIONS = YES;
				CLANG_WARN_DIRECT_OBJC_ISA_USAGE = YES_ERROR;
				CLANG_WARN_DOCUMENTATION_COMMENTS = YES;
				CLANG_WARN_EMPTY_BODY = YES;
				CLANG_WARN_ENUM_CONVERSION = YES;
				CLANG_WARN_INFINITE_RECURSION = YES;
				CLANG_WARN_INT_CONVERSION = YES;
				CLANG_WARN_NON_LITERAL_NULL_CONVERSION = YES;
				CLANG_WARN_OBJC_IMPLICIT_RETAIN_SELF = YES;
				CLANG_WARN_OBJC_LITERAL_CONVERSION = YES;
				CLANG_WARN_OBJC_ROOT_CLASS = YES_ERROR;
				CLANG_WARN_RANGE_LOOP_ANALYSIS = YES;
				CLANG_WARN_STRICT_PROTOTYPES = YES;
				CLANG_WARN_SUSPICIOUS_MOVE = YES;
				CLANG_WARN_UNGUARDED_AVAILABILITY = YES_AGGRESSIVE;
				CLANG_WARN_UNREACHABLE_CODE = YES;
				CLANG_WARN__DUPLICATE_METHOD_MATCH = YES;
				CODE_SIGN_IDENTITY = "Mac Developer";
				COPY_PHASE_STRIP = NO;
				DEBUG_INFORMATION_FORMAT = "dwarf-with-dsym";
				ENABLE_NS_ASSERTIONS = NO;
				ENABLE_STRICT_OBJC_MSGSEND = YES;
				GCC_C_LANGUAGE_STANDARD = gnu11;
				GCC_NO_COMMON_BLOCKS = YES;
				GCC_WARN_64_TO_32_BIT_CONVERSION = YES;
				GCC_WARN_ABOUT_RETURN_TYPE = YES_ERROR;
				GCC_WARN_UNDECLARED_SELECTOR = YES;
				GCC_WARN_UNINITIALIZED_AUTOS = YES_AGGRESSIVE;
				GCC_WARN_UNUSED_FUNCTION = YES;
				GCC_WARN_UNUSED_VARIABLE = YES;
				MACOSX_DEPLOYMENT_TARGET = 10.13;
				MTL_ENABLE_DEBUG_INFO = NO;
				SDKROOT = macosx;
				SWIFT_COMPILATION_MODE = wholemodule;
				SWIFT_OPTIMIZATION_LEVEL = "-O";
			};
			name = Release;
		};
		8001BC8620B6CF8500B55D00 /* Debug */ = {
			isa = XCBuildConfiguration;
			buildSettings = {
				CODE_SIGN_STYLE = Automatic;
				DEVELOPMENT_TEAM = A485NLSB8K;
				PRODUCT_NAME = "$(TARGET_NAME)";
				SWIFT_VERSION = 4.0;
			};
			name = Debug;
		};
		8001BC8720B6CF8500B55D00 /* Release */ = {
			isa = XCBuildConfiguration;
			buildSettings = {
				CODE_SIGN_STYLE = Automatic;
				DEVELOPMENT_TEAM = A485NLSB8K;
				PRODUCT_NAME = "$(TARGET_NAME)";
				SWIFT_VERSION = 4.0;
			};
			name = Release;
		};
/* End XCBuildConfiguration section */

/* Begin XCConfigurationList section */
		8001BC7920B6CF8500B55D00 /* Build configuration list for PBXProject "yo" */ = {
			isa = XCConfigurationList;
			buildConfigurations = (
				8001BC8320B6CF8500B55D00 /* Debug */,
				8001BC8420B6CF8500B55D00 /* Release */,
			);
			defaultConfigurationIsVisible = 0;
			defaultConfigurationName = Release;
		};
		8001BC8520B6CF8500B55D00 /* Build configuration list for PBXNativeTarget "yo" */ = {
			isa = XCConfigurationList;
			buildConfigurations = (
				8001BC8620B6CF8500B55D00 /* Debug */,
				8001BC8720B6CF8500B55D00 /* Release */,
			);
			defaultConfigurationIsVisible = 0;
			defaultConfigurationName = Release;
		};
/* End XCConfigurationList section */
	};
	rootObject = 8001BC7620B6CF8500B55D00 /* Project object */;
}
